// !$*UTF8*$!
{
	archiveVersion = 1;
	classes = {
	};
	objectVersion = 48;
	objects = {

/* Begin PBXBuildFile section */
		EE199E281F95CC470000FF72 /* AppDelegate.swift in Sources */ = {isa = PBXBuildFile; fileRef = EE199E271F95CC470000FF72 /* AppDelegate.swift */; };
		EE199E2A1F95CC470000FF72 /* ViewController.swift in Sources */ = {isa = PBXBuildFile; fileRef = EE199E291F95CC470000FF72 /* ViewController.swift */; };
		EE199E2D1F95CC470000FF72 /* Main.storyboard in Resources */ = {isa = PBXBuildFile; fileRef = EE199E2B1F95CC470000FF72 /* Main.storyboard */; };
		EE199E2F1F95CC470000FF72 /* Assets.xcassets in Resources */ = {isa = PBXBuildFile; fileRef = EE199E2E1F95CC470000FF72 /* Assets.xcassets */; };
		EE199E321F95CC470000FF72 /* LaunchScreen.storyboard in Resources */ = {isa = PBXBuildFile; fileRef = EE199E301F95CC470000FF72 /* LaunchScreen.storyboard */; };
		EE199E3D1F95CC470000FF72 /* ToDo3Tests.swift in Sources */ = {isa = PBXBuildFile; fileRef = EE199E3C1F95CC470000FF72 /* ToDo3Tests.swift */; };
		EE199E481F95CC470000FF72 /* ToDo3UITests.swift in Sources */ = {isa = PBXBuildFile; fileRef = EE199E471F95CC470000FF72 /* ToDo3UITests.swift */; };
/* End PBXBuildFile section */

/* Begin PBXContainerItemProxy section */
		EE199E391F95CC470000FF72 /* PBXContainerItemProxy */ = {
			isa = PBXContainerItemProxy;
			containerPortal = EE199E1C1F95CC470000FF72 /* Project object */;
			proxyType = 1;
			remoteGlobalIDString = EE199E231F95CC470000FF72;
			remoteInfo = ToDo3;
		};
		EE199E441F95CC470000FF72 /* PBXContainerItemProxy */ = {
			isa = PBXContainerItemProxy;
			containerPortal = EE199E1C1F95CC470000FF72 /* Project object */;
			proxyType = 1;
			remoteGlobalIDString = EE199E231F95CC470000FF72;
			remoteInfo = ToDo3;
		};
/* End PBXContainerItemProxy section */

/* Begin PBXFileReference section */
		EE199E241F95CC470000FF72 /* ToDo3.app */ = {isa = PBXFileReference; explicitFileType = wrapper.application; includeInIndex = 0; path = ToDo3.app; sourceTree = BUILT_PRODUCTS_DIR; };
		EE199E271F95CC470000FF72 /* AppDelegate.swift */ = {isa = PBXFileReference; lastKnownFileType = sourcecode.swift; path = AppDelegate.swift; sourceTree = "<group>"; };
		EE199E291F95CC470000FF72 /* ViewController.swift */ = {isa = PBXFileReference; lastKnownFileType = sourcecode.swift; path = ViewController.swift; sourceTree = "<group>"; };
		EE199E2C1F95CC470000FF72 /* Base */ = {isa = PBXFileReference; lastKnownFileType = file.storyboard; name = Base; path = Base.lproj/Main.storyboard; sourceTree = "<group>"; };
		EE199E2E1F95CC470000FF72 /* Assets.xcassets */ = {isa = PBXFileReference; lastKnownFileType = folder.assetcatalog; path = Assets.xcassets; sourceTree = "<group>"; };
		EE199E311F95CC470000FF72 /* Base */ = {isa = PBXFileReference; lastKnownFileType = file.storyboard; name = Base; path = Base.lproj/LaunchScreen.storyboard; sourceTree = "<group>"; };
		EE199E331F95CC470000FF72 /* Info.plist */ = {isa = PBXFileReference; lastKnownFileType = text.plist.xml; path = Info.plist; sourceTree = "<group>"; };
		EE199E381F95CC470000FF72 /* ToDo3Tests.xctest */ = {isa = PBXFileReference; explicitFileType = wrapper.cfbundle; includeInIndex = 0; path = ToDo3Tests.xctest; sourceTree = BUILT_PRODUCTS_DIR; };
		EE199E3C1F95CC470000FF72 /* ToDo3Tests.swift */ = {isa = PBXFileReference; lastKnownFileType = sourcecode.swift; path = ToDo3Tests.swift; sourceTree = "<group>"; };
		EE199E3E1F95CC470000FF72 /* Info.plist */ = {isa = PBXFileReference; lastKnownFileType = text.plist.xml; path = Info.plist; sourceTree = "<group>"; };
		EE199E431F95CC470000FF72 /* ToDo3UITests.xctest */ = {isa = PBXFileReference; explicitFileType = wrapper.cfbundle; includeInIndex = 0; path = ToDo3UITests.xctest; sourceTree = BUILT_PRODUCTS_DIR; };
		EE199E471F95CC470000FF72 /* ToDo3UITests.swift */ = {isa = PBXFileReference; lastKnownFileType = sourcecode.swift; path = ToDo3UITests.swift; sourceTree = "<group>"; };
		EE199E491F95CC470000FF72 /* Info.plist */ = {isa = PBXFileReference; lastKnownFileType = text.plist.xml; path = Info.plist; sourceTree = "<group>"; };
/* End PBXFileReference section */

/* Begin PBXFrameworksBuildPhase section */
		EE199E211F95CC470000FF72 /* Frameworks */ = {
			isa = PBXFrameworksBuildPhase;
			buildActionMask = 2147483647;
			files = (
			);
			runOnlyForDeploymentPostprocessing = 0;
		};
		EE199E351F95CC470000FF72 /* Frameworks */ = {
			isa = PBXFrameworksBuildPhase;
			buildActionMask = 2147483647;
			files = (
			);
			runOnlyForDeploymentPostprocessing = 0;
		};
		EE199E401F95CC470000FF72 /* Frameworks */ = {
			isa = PBXFrameworksBuildPhase;
			buildActionMask = 2147483647;
			files = (
			);
			runOnlyForDeploymentPostprocessing = 0;
		};
/* End PBXFrameworksBuildPhase section */

/* Begin PBXGroup section */
		EE199E1B1F95CC470000FF72 = {
			isa = PBXGroup;
			children = (
				EE199E261F95CC470000FF72 /* ToDo3 */,
				EE199E3B1F95CC470000FF72 /* ToDo3Tests */,
				EE199E461F95CC470000FF72 /* ToDo3UITests */,
				EE199E251F95CC470000FF72 /* Products */,
			);
			sourceTree = "<group>";
		};
		EE199E251F95CC470000FF72 /* Products */ = {
			isa = PBXGroup;
			children = (
				EE199E241F95CC470000FF72 /* ToDo3.app */,
				EE199E381F95CC470000FF72 /* ToDo3Tests.xctest */,
				EE199E431F95CC470000FF72 /* ToDo3UITests.xctest */,
			);
			name = Products;
			sourceTree = "<group>";
		};
		EE199E261F95CC470000FF72 /* ToDo3 */ = {
			isa = PBXGroup;
			children = (
				EE199E271F95CC470000FF72 /* AppDelegate.swift */,
				EE199E291F95CC470000FF72 /* ViewController.swift */,
				EE199E2B1F95CC470000FF72 /* Main.storyboard */,
				EE199E2E1F95CC470000FF72 /* Assets.xcassets */,
				EE199E301F95CC470000FF72 /* LaunchScreen.storyboard */,
				EE199E331F95CC470000FF72 /* Info.plist */,
			);
			path = ToDo3;
			sourceTree = "<group>";
		};
		EE199E3B1F95CC470000FF72 /* ToDo3Tests */ = {
			isa = PBXGroup;
			children = (
				EE199E3C1F95CC470000FF72 /* ToDo3Tests.swift */,
				EE199E3E1F95CC470000FF72 /* Info.plist */,
			);
			path = ToDo3Tests;
			sourceTree = "<group>";
		};
		EE199E461F95CC470000FF72 /* ToDo3UITests */ = {
			isa = PBXGroup;
			children = (
				EE199E471F95CC470000FF72 /* ToDo3UITests.swift */,
				EE199E491F95CC470000FF72 /* Info.plist */,
			);
			path = ToDo3UITests;
			sourceTree = "<group>";
		};
/* End PBXGroup section */

/* Begin PBXNativeTarget section */
		EE199E231F95CC470000FF72 /* ToDo3 */ = {
			isa = PBXNativeTarget;
			buildConfigurationList = EE199E4C1F95CC470000FF72 /* Build configuration list for PBXNativeTarget "ToDo3" */;
			buildPhases = (
				EE199E201F95CC470000FF72 /* Sources */,
				EE199E211F95CC470000FF72 /* Frameworks */,
				EE199E221F95CC470000FF72 /* Resources */,
			);
			buildRules = (
			);
			dependencies = (
			);
			name = ToDo3;
			productName = ToDo3;
			productReference = EE199E241F95CC470000FF72 /* ToDo3.app */;
			productType = "com.apple.product-type.application";
		};
		EE199E371F95CC470000FF72 /* ToDo3Tests */ = {
			isa = PBXNativeTarget;
			buildConfigurationList = EE199E4F1F95CC470000FF72 /* Build configuration list for PBXNativeTarget "ToDo3Tests" */;
			buildPhases = (
				EE199E341F95CC470000FF72 /* Sources */,
				EE199E351F95CC470000FF72 /* Frameworks */,
				EE199E361F95CC470000FF72 /* Resources */,
			);
			buildRules = (
			);
			dependencies = (
				EE199E3A1F95CC470000FF72 /* PBXTargetDependency */,
			);
			name = ToDo3Tests;
			productName = ToDo3Tests;
			productReference = EE199E381F95CC470000FF72 /* ToDo3Tests.xctest */;
			productType = "com.apple.product-type.bundle.unit-test";
		};
		EE199E421F95CC470000FF72 /* ToDo3UITests */ = {
			isa = PBXNativeTarget;
			buildConfigurationList = EE199E521F95CC470000FF72 /* Build configuration list for PBXNativeTarget "ToDo3UITests" */;
			buildPhases = (
				EE199E3F1F95CC470000FF72 /* Sources */,
				EE199E401F95CC470000FF72 /* Frameworks */,
				EE199E411F95CC470000FF72 /* Resources */,
			);
			buildRules = (
			);
			dependencies = (
				EE199E451F95CC470000FF72 /* PBXTargetDependency */,
			);
			name = ToDo3UITests;
			productName = ToDo3UITests;
			productReference = EE199E431F95CC470000FF72 /* ToDo3UITests.xctest */;
			productType = "com.apple.product-type.bundle.ui-testing";
		};
/* End PBXNativeTarget section */

/* Begin PBXProject section */
		EE199E1C1F95CC470000FF72 /* Project object */ = {
			isa = PBXProject;
			attributes = {
				LastSwiftUpdateCheck = 0900;
				LastUpgradeCheck = 0900;
				ORGANIZATIONNAME = "Maho Misumi";
				TargetAttributes = {
					EE199E231F95CC470000FF72 = {
						CreatedOnToolsVersion = 9.0;
						ProvisioningStyle = Automatic;
					};
					EE199E371F95CC470000FF72 = {
						CreatedOnToolsVersion = 9.0;
						ProvisioningStyle = Automatic;
						TestTargetID = EE199E231F95CC470000FF72;
					};
					EE199E421F95CC470000FF72 = {
						CreatedOnToolsVersion = 9.0;
						ProvisioningStyle = Automatic;
						TestTargetID = EE199E231F95CC470000FF72;
					};
				};
			};
			buildConfigurationList = EE199E1F1F95CC470000FF72 /* Build configuration list for PBXProject "ToDo3" */;
			compatibilityVersion = "Xcode 8.0";
			developmentRegion = en;
			hasScannedForEncodings = 0;
			knownRegions = (
				en,
				Base,
			);
			mainGroup = EE199E1B1F95CC470000FF72;
			productRefGroup = EE199E251F95CC470000FF72 /* Products */;
			projectDirPath = "";
			projectRoot = "";
			targets = (
				EE199E231F95CC470000FF72 /* ToDo3 */,
				EE199E371F95CC470000FF72 /* ToDo3Tests */,
				EE199E421F95CC470000FF72 /* ToDo3UITests */,
			);
		};
/* End PBXProject section */

/* Begin PBXResourcesBuildPhase section */
		EE199E221F95CC470000FF72 /* Resources */ = {
			isa = PBXResourcesBuildPhase;
			buildActionMask = 2147483647;
			files = (
				EE199E321F95CC470000FF72 /* LaunchScreen.storyboard in Resources */,
				EE199E2F1F95CC470000FF72 /* Assets.xcassets in Resources */,
				EE199E2D1F95CC470000FF72 /* Main.storyboard in Resources */,
			);
			runOnlyForDeploymentPostprocessing = 0;
		};
		EE199E361F95CC470000FF72 /* Resources */ = {
			isa = PBXResourcesBuildPhase;
			buildActionMask = 2147483647;
			files = (
			);
			runOnlyForDeploymentPostprocessing = 0;
		};
		EE199E411F95CC470000FF72 /* Resources */ = {
			isa = PBXResourcesBuildPhase;
			buildActionMask = 2147483647;
			files = (
			);
			runOnlyForDeploymentPostprocessing = 0;
		};
/* End PBXResourcesBuildPhase section */

/* Begin PBXSourcesBuildPhase section */
		EE199E201F95CC470000FF72 /* Sources */ = {
			isa = PBXSourcesBuildPhase;
			buildActionMask = 2147483647;
			files = (
				EE199E2A1F95CC470000FF72 /* ViewController.swift in Sources */,
				EE199E281F95CC470000FF72 /* AppDelegate.swift in Sources */,
			);
			runOnlyForDeploymentPostprocessing = 0;
		};
		EE199E341F95CC470000FF72 /* Sources */ = {
			isa = PBXSourcesBuildPhase;
			buildActionMask = 2147483647;
			files = (
				EE199E3D1F95CC470000FF72 /* ToDo3Tests.swift in Sources */,
			);
			runOnlyForDeploymentPostprocessing = 0;
		};
		EE199E3F1F95CC470000FF72 /* Sources */ = {
			isa = PBXSourcesBuildPhase;
			buildActionMask = 2147483647;
			files = (
				EE199E481F95CC470000FF72 /* ToDo3UITests.swift in Sources */,
			);
			runOnlyForDeploymentPostprocessing = 0;
		};
/* End PBXSourcesBuildPhase section */

/* Begin PBXTargetDependency section */
		EE199E3A1F95CC470000FF72 /* PBXTargetDependency */ = {
			isa = PBXTargetDependency;
			target = EE199E231F95CC470000FF72 /* ToDo3 */;
			targetProxy = EE199E391F95CC470000FF72 /* PBXContainerItemProxy */;
		};
		EE199E451F95CC470000FF72 /* PBXTargetDependency */ = {
			isa = PBXTargetDependency;
			target = EE199E231F95CC470000FF72 /* ToDo3 */;
			targetProxy = EE199E441F95CC470000FF72 /* PBXContainerItemProxy */;
		};
/* End PBXTargetDependency section */

/* Begin PBXVariantGroup section */
		EE199E2B1F95CC470000FF72 /* Main.storyboard */ = {
			isa = PBXVariantGroup;
			children = (
				EE199E2C1F95CC470000FF72 /* Base */,
			);
			name = Main.storyboard;
			sourceTree = "<group>";
		};
		EE199E301F95CC470000FF72 /* LaunchScreen.storyboard */ = {
			isa = PBXVariantGroup;
			children = (
				EE199E311F95CC470000FF72 /* Base */,
			);
			name = LaunchScreen.storyboard;
			sourceTree = "<group>";
		};
/* End PBXVariantGroup section */

/* Begin XCBuildConfiguration section */
		EE199E4A1F95CC470000FF72 /* Debug */ = {
			isa = XCBuildConfiguration;
			buildSettings = {
				ALWAYS_SEARCH_USER_PATHS = NO;
				CLANG_ANALYZER_NONNULL = YES;
				CLANG_ANALYZER_NUMBER_OBJECT_CONVERSION = YES_AGGRESSIVE;
				CLANG_CXX_LANGUAGE_STANDARD = "gnu++14";
				CLANG_CXX_LIBRARY = "libc++";
				CLANG_ENABLE_MODULES = YES;
				CLANG_ENABLE_OBJC_ARC = YES;
				CLANG_WARN_BLOCK_CAPTURE_AUTORELEASING = YES;
				CLANG_WARN_BOOL_CONVERSION = YES;
				CLANG_WARN_COMMA = YES;
				CLANG_WARN_CONSTANT_CONVERSION = YES;
				CLANG_WARN_DIRECT_OBJC_ISA_USAGE = YES_ERROR;
				CLANG_WARN_DOCUMENTATION_COMMENTS = YES;
				CLANG_WARN_EMPTY_BODY = YES;
				CLANG_WARN_ENUM_CONVERSION = YES;
				CLANG_WARN_INFINITE_RECURSION = YES;
				CLANG_WARN_INT_CONVERSION = YES;
				CLANG_WARN_NON_LITERAL_NULL_CONVERSION = YES;
				CLANG_WARN_OBJC_LITERAL_CONVERSION = YES;
				CLANG_WARN_OBJC_ROOT_CLASS = YES_ERROR;
				CLANG_WARN_RANGE_LOOP_ANALYSIS = YES;
				CLANG_WARN_STRICT_PROTOTYPES = YES;
				CLANG_WARN_SUSPICIOUS_MOVE = YES;
				CLANG_WARN_UNGUARDED_AVAILABILITY = YES_AGGRESSIVE;
				CLANG_WARN_UNREACHABLE_CODE = YES;
				CLANG_WARN__DUPLICATE_METHOD_MATCH = YES;
				CODE_SIGN_IDENTITY = "iPhone Developer";
				COPY_PHASE_STRIP = NO;
				DEBUG_INFORMATION_FORMAT = dwarf;
				ENABLE_STRICT_OBJC_MSGSEND = YES;
				ENABLE_TESTABILITY = YES;
				GCC_C_LANGUAGE_STANDARD = gnu11;
				GCC_DYNAMIC_NO_PIC = NO;
				GCC_NO_COMMON_BLOCKS = YES;
				GCC_OPTIMIZATION_LEVEL = 0;
				GCC_PREPROCESSOR_DEFINITIONS = (
					"DEBUG=1",
					"$(inherited)",
				);
				GCC_WARN_64_TO_32_BIT_CONVERSION = YES;
				GCC_WARN_ABOUT_RETURN_TYPE = YES_ERROR;
				GCC_WARN_UNDECLARED_SELECTOR = YES;
				GCC_WARN_UNINITIALIZED_AUTOS = YES_AGGRESSIVE;
				GCC_WARN_UNUSED_FUNCTION = YES;
				GCC_WARN_UNUSED_VARIABLE = YES;
				IPHONEOS_DEPLOYMENT_TARGET = 11.0;
				MTL_ENABLE_DEBUG_INFO = YES;
				ONLY_ACTIVE_ARCH = YES;
				SDKROOT = iphoneos;
				SWIFT_ACTIVE_COMPILATION_CONDITIONS = DEBUG;
				SWIFT_OPTIMIZATION_LEVEL = "-Onone";
			};
			name = Debug;
		};
		EE199E4B1F95CC470000FF72 /* Release */ = {
			isa = XCBuildConfiguration;
			buildSettings = {
				ALWAYS_SEARCH_USER_PATHS = NO;
				CLANG_ANALYZER_NONNULL = YES;
				CLANG_ANALYZER_NUMBER_OBJECT_CONVERSION = YES_AGGRESSIVE;
				CLANG_CXX_LANGUAGE_STANDARD = "gnu++14";
				CLANG_CXX_LIBRARY = "libc++";
				CLANG_ENABLE_MODULES = YES;
				CLANG_ENABLE_OBJC_ARC = YES;
				CLANG_WARN_BLOCK_CAPTURE_AUTORELEASING = YES;
				CLANG_WARN_BOOL_CONVERSION = YES;
				CLANG_WARN_COMMA = YES;
				CLANG_WARN_CONSTANT_CONVERSION = YES;
				CLANG_WARN_DIRECT_OBJC_ISA_USAGE = YES_ERROR;
				CLANG_WARN_DOCUMENTATION_COMMENTS = YES;
				CLANG_WARN_EMPTY_BODY = YES;
				CLANG_WARN_ENUM_CONVERSION = YES;
				CLANG_WARN_INFINITE_RECURSION = YES;
				CLANG_WARN_INT_CONVERSION = YES;
				CLANG_WARN_NON_LITERAL_NULL_CONVERSION = YES;
				CLANG_WARN_OBJC_LITERAL_CONVERSION = YES;
				CLANG_WARN_OBJC_ROOT_CLASS = YES_ERROR;
				CLANG_WARN_RANGE_LOOP_ANALYSIS = YES;
				CLANG_WARN_STRICT_PROTOTYPES = YES;
				CLANG_WARN_SUSPICIOUS_MOVE = YES;
				CLANG_WARN_UNGUARDED_AVAILABILITY = YES_AGGRESSIVE;
				CLANG_WARN_UNREACHABLE_CODE = YES;
				CLANG_WARN__DUPLICATE_METHOD_MATCH = YES;
				CODE_SIGN_IDENTITY = "iPhone Developer";
				COPY_PHASE_STRIP = NO;
				DEBUG_INFORMATION_FORMAT = "dwarf-with-dsym";
				ENABLE_NS_ASSERTIONS = NO;
				ENABLE_STRICT_OBJC_MSGSEND = YES;
				GCC_C_LANGUAGE_STANDARD = gnu11;
				GCC_NO_COMMON_BLOCKS = YES;
				GCC_WARN_64_TO_32_BIT_CONVERSION = YES;
				GCC_WARN_ABOUT_RETURN_TYPE = YES_ERROR;
				GCC_WARN_UNDECLARED_SELECTOR = YES;
				GCC_WARN_UNINITIALIZED_AUTOS = YES_AGGRESSIVE;
				GCC_WARN_UNUSED_FUNCTION = YES;
				GCC_WARN_UNUSED_VARIABLE = YES;
				IPHONEOS_DEPLOYMENT_TARGET = 11.0;
				MTL_ENABLE_DEBUG_INFO = NO;
				SDKROOT = iphoneos;
				SWIFT_OPTIMIZATION_LEVEL = "-Owholemodule";
				VALIDATE_PRODUCT = YES;
			};
			name = Release;
		};
		EE199E4D1F95CC470000FF72 /* Debug */ = {
			isa = XCBuildConfiguration;
			buildSettings = {
				ASSETCATALOG_COMPILER_APPICON_NAME = AppIcon;
				CODE_SIGN_STYLE = Automatic;
				INFOPLIST_FILE = ToDo3/Info.plist;
				LD_RUNPATH_SEARCH_PATHS = "$(inherited) @executable_path/Frameworks";
				PRODUCT_BUNDLE_IDENTIFIER = maho.com.ToDo3;
				PRODUCT_NAME = "$(TARGET_NAME)";
				SWIFT_VERSION = 4.0;
				TARGETED_DEVICE_FAMILY = "1,2";
			};
			name = Debug;
		};
		EE199E4E1F95CC470000FF72 /* Release */ = {
			isa = XCBuildConfiguration;
			buildSettings = {
				ASSETCATALOG_COMPILER_APPICON_NAME = AppIcon;
				CODE_SIGN_STYLE = Automatic;
				INFOPLIST_FILE = ToDo3/Info.plist;
				LD_RUNPATH_SEARCH_PATHS = "$(inherited) @executable_path/Frameworks";
				PRODUCT_BUNDLE_IDENTIFIER = maho.com.ToDo3;
				PRODUCT_NAME = "$(TARGET_NAME)";
				SWIFT_VERSION = 4.0;
				TARGETED_DEVICE_FAMILY = "1,2";
			};
			name = Release;
		};
		EE199E501F95CC470000FF72 /* Debug */ = {
			isa = XCBuildConfiguration;
			buildSettings = {
				ALWAYS_EMBED_SWIFT_STANDARD_LIBRARIES = YES;
				BUNDLE_LOADER = "$(TEST_HOST)";
				CODE_SIGN_STYLE = Automatic;
				INFOPLIST_FILE = ToDo3Tests/Info.plist;
				LD_RUNPATH_SEARCH_PATHS = "$(inherited) @executable_path/Frameworks @loader_path/Frameworks";
				PRODUCT_BUNDLE_IDENTIFIER = maho.com.ToDo3Tests;
				PRODUCT_NAME = "$(TARGET_NAME)";
				SWIFT_VERSION = 4.0;
				TARGETED_DEVICE_FAMILY = "1,2";
				TEST_HOST = "$(BUILT_PRODUCTS_DIR)/ToDo3.app/ToDo3";
			};
			name = Debug;
		};
		EE199E511F95CC470000FF72 /* Release */ = {
			isa = XCBuildConfiguration;
			buildSettings = {
				ALWAYS_EMBED_SWIFT_STANDARD_LIBRARIES = YES;
				BUNDLE_LOADER = "$(TEST_HOST)";
				CODE_SIGN_STYLE = Automatic;
				INFOPLIST_FILE = ToDo3Tests/Info.plist;
				LD_RUNPATH_SEARCH_PATHS = "$(inherited) @executable_path/Frameworks @loader_path/Frameworks";
				PRODUCT_BUNDLE_IDENTIFIER = maho.com.ToDo3Tests;
				PRODUCT_NAME = "$(TARGET_NAME)";
				SWIFT_VERSION = 4.0;
				TARGETED_DEVICE_FAMILY = "1,2";
				TEST_HOST = "$(BUILT_PRODUCTS_DIR)/ToDo3.app/ToDo3";
			};
			name = Release;
		};
		EE199E531F95CC470000FF72 /* Debug */ = {
			isa = XCBuildConfiguration;
			buildSettings = {
				ALWAYS_EMBED_SWIFT_STANDARD_LIBRARIES = YES;
				CODE_SIGN_STYLE = Automatic;
				INFOPLIST_FILE = ToDo3UITests/Info.plist;
				LD_RUNPATH_SEARCH_PATHS = "$(inherited) @executable_path/Frameworks @loader_path/Frameworks";
				PRODUCT_BUNDLE_IDENTIFIER = maho.com.ToDo3UITests;
				PRODUCT_NAME = "$(TARGET_NAME)";
				SWIFT_VERSION = 4.0;
				TARGETED_DEVICE_FAMILY = "1,2";
				TEST_TARGET_NAME = ToDo3;
			};
			name = Debug;
		};
		EE199E541F95CC470000FF72 /* Release */ = {
			isa = XCBuildConfiguration;
			buildSettings = {
				ALWAYS_EMBED_SWIFT_STANDARD_LIBRARIES = YES;
				CODE_SIGN_STYLE = Automatic;
				INFOPLIST_FILE = ToDo3UITests/Info.plist;
				LD_RUNPATH_SEARCH_PATHS = "$(inherited) @executable_path/Frameworks @loader_path/Frameworks";
				PRODUCT_BUNDLE_IDENTIFIER = maho.com.ToDo3UITests;
				PRODUCT_NAME = "$(TARGET_NAME)";
				SWIFT_VERSION = 4.0;
				TARGETED_DEVICE_FAMILY = "1,2";
				TEST_TARGET_NAME = ToDo3;
			};
			name = Release;
		};
/* End XCBuildConfiguration section */

/* Begin XCConfigurationList section */
		EE199E1F1F95CC470000FF72 /* Build configuration list for PBXProject "ToDo3" */ = {
			isa = XCConfigurationList;
			buildConfigurations = (
				EE199E4A1F95CC470000FF72 /* Debug */,
				EE199E4B1F95CC470000FF72 /* Release */,
			);
			defaultConfigurationIsVisible = 0;
			defaultConfigurationName = Release;
		};
		EE199E4C1F95CC470000FF72 /* Build configuration list for PBXNativeTarget "ToDo3" */ = {
			isa = XCConfigurationList;
			buildConfigurations = (
				EE199E4D1F95CC470000FF72 /* Debug */,
				EE199E4E1F95CC470000FF72 /* Release */,
			);
			defaultConfigurationIsVisible = 0;
			defaultConfigurationName = Release;
		};
		EE199E4F1F95CC470000FF72 /* Build configuration list for PBXNativeTarget "ToDo3Tests" */ = {
			isa = XCConfigurationList;
			buildConfigurations = (
				EE199E501F95CC470000FF72 /* Debug */,
				EE199E511F95CC470000FF72 /* Release */,
			);
			defaultConfigurationIsVisible = 0;
			defaultConfigurationName = Release;
		};
		EE199E521F95CC470000FF72 /* Build configuration list for PBXNativeTarget "ToDo3UITests" */ = {
			isa = XCConfigurationList;
			buildConfigurations = (
				EE199E531F95CC470000FF72 /* Debug */,
				EE199E541F95CC470000FF72 /* Release */,
			);
			defaultConfigurationIsVisible = 0;
			defaultConfigurationName = Release;
		};
/* End XCConfigurationList section */
	};
	rootObject = EE199E1C1F95CC470000FF72 /* Project object */;
}
